
Microsoft Visual Studio Solution File, Format Version 12.00
# Visual Studio Version 17
VisualStudioVersion = 17.8.34330.188
MinimumVisualStudioVersion = 10.0.40219.1
Project("{9A19103F-16F7-4668-BE54-9A1E7A4F7556}") = "ConsoleApp1", "ConsoleApp1.csproj", "{02EA31DC-12D8-49D9-8DC0-0FFA1515205C}"
EndProject
Project("{9A19103F-16F7-4668-BE54-9A1E7A4F7556}") = "3003", "..\3003\3003.csproj", "{35839A7D-F483-4A40-867E-301D3D6A9838}"
EndProject
Project("{9A19103F-16F7-4668-BE54-9A1E7A4F7556}") = "크로아티아알파벳", "..\크로아티아알파벳\크로아티아알파벳.csproj", "{19D48993-D7C4-44FE-BD2E-3E8B43DAF09D}"
EndProject
Project("{9A19103F-16F7-4668-BE54-9A1E7A4F7556}") = "너의 평점은", "..\너의 평점은\너의 평점은.csproj", "{06A46FB5-5525-4B70-AFA8-BF5212A6937F}"
EndProject
Project("{9A19103F-16F7-4668-BE54-9A1E7A4F7556}") = "중앙이동알고리즘", "..\중앙이동알고리즘\중앙이동알고리즘.csproj", "{3939B03D-E828-4F70-B36C-140F5053B082}"
EndProject
Project("{9A19103F-16F7-4668-BE54-9A1E7A4F7556}") = "분수찾기", "..\분수찾기\분수찾기.csproj", "{F321158C-AD3D-454E-A9F1-6E4BFB8DF69A}"
EndProject
Project("{9A19103F-16F7-4668-BE54-9A1E7A4F7556}") = "행렬덧셈", "..\행렬덧셈\행렬덧셈.csproj", "{A59F19D2-C531-41AC-AFF5-16271D3F6C63}"
EndProject
Project("{9A19103F-16F7-4668-BE54-9A1E7A4F7556}") = "최댓값", "..\최댓값\최댓값.csproj", "{2189D980-A4F6-4E26-A2F4-75D1171B1F40}"
EndProject
Project("{9A19103F-16F7-4668-BE54-9A1E7A4F7556}") = "세로읽기", "..\세로읽기\세로읽기.csproj", "{36A94C55-6ECA-4FA2-B696-5C7070A4F21E}"
EndProject
Project("{9A19103F-16F7-4668-BE54-9A1E7A4F7556}") = "색종이", "..\색종이\색종이.csproj", "{D0FFA5F1-BC60-4DF2-A4BC-B63ACB9589BE}"
EndProject
Project("{9A19103F-16F7-4668-BE54-9A1E7A4F7556}") = "진법변환", "..\진법변환\진법변환.csproj", "{1E974E95-F898-4C17-840F-49D464409C76}"
EndProject
Project("{9A19103F-16F7-4668-BE54-9A1E7A4F7556}") = "진법교환2", "..\진법교환2\진법교환2.csproj", "{DF393EFD-A238-4E89-BD41-50D53E910D35}"
EndProject
Project("{9A19103F-16F7-4668-BE54-9A1E7A4F7556}") = "세탁소사장 동혁", "..\세탁소사장 동혁\세탁소사장 동혁.csproj", "{60531794-0C9C-4DFD-8859-D58146398ED8}"
EndProject
Project("{9A19103F-16F7-4668-BE54-9A1E7A4F7556}") = "배수와 약수", "..\배수와 약수\배수와 약수.csproj", "{1DB0F011-9830-47ED-ACD2-DAA1947367AC}"
EndProject
Project("{9A19103F-16F7-4668-BE54-9A1E7A4F7556}") = "약수 구하기", "..\약수 구하기\약수 구하기.csproj", "{10A21556-DDB9-48A6-87B0-46F946FCE5FF}"
EndProject
Project("{FAE04EC0-301F-11D3-BF4B-00C04F79EFBC}") = "약수들의 합", "..\약수들의 합\약수들의 합.csproj", "{EC59316E-CAD2-46EA-B030-BCB7564E1532}"
EndProject
Project("{FAE04EC0-301F-11D3-BF4B-00C04F79EFBC}") = "소수찾기", "..\소수찾기\소수찾기.csproj", "{1F3FB943-39FF-44C5-829C-AEED8E593651}"
EndProject
Project("{FAE04EC0-301F-11D3-BF4B-00C04F79EFBC}") = "소수", "..\소수\소수.csproj", "{00FB238A-09BA-45D7-A5DD-678ADD9E683D}"
EndProject
Project("{FAE04EC0-301F-11D3-BF4B-00C04F79EFBC}") = "소인수분해", "..\소인수분해\소인수분해.csproj", "{98EB2F94-1AA4-4F32-87CA-9DF323780E54}"
EndProject
Project("{FAE04EC0-301F-11D3-BF4B-00C04F79EFBC}") = "네번째 점", "..\네번째 점\네번째 점.csproj", "{A1B85682-11C1-4541-983F-875E437AE5CD}"
EndProject
Project("{FAE04EC0-301F-11D3-BF4B-00C04F79EFBC}") = "삼각형과 세 변", "..\삼각형과 세 변\삼각형과 세 변.csproj", "{ED68364E-99B9-42E2-B37C-24F4D866E65B}"
EndProject
Project("{FAE04EC0-301F-11D3-BF4B-00C04F79EFBC}") = "세 막대", "..\세 막대\세 막대.csproj", "{FB1422F2-8454-49CA-A951-A618CEBFB0D5}"
EndProject
Global
	GlobalSection(SolutionConfigurationPlatforms) = preSolution
		Debug|Any CPU = Debug|Any CPU
		Release|Any CPU = Release|Any CPU
	EndGlobalSection
	GlobalSection(ProjectConfigurationPlatforms) = postSolution
		{02EA31DC-12D8-49D9-8DC0-0FFA1515205C}.Debug|Any CPU.ActiveCfg = Debug|Any CPU
		{02EA31DC-12D8-49D9-8DC0-0FFA1515205C}.Debug|Any CPU.Build.0 = Debug|Any CPU
		{02EA31DC-12D8-49D9-8DC0-0FFA1515205C}.Release|Any CPU.ActiveCfg = Release|Any CPU
		{02EA31DC-12D8-49D9-8DC0-0FFA1515205C}.Release|Any CPU.Build.0 = Release|Any CPU
		{35839A7D-F483-4A40-867E-301D3D6A9838}.Debug|Any CPU.ActiveCfg = Debug|Any CPU
		{35839A7D-F483-4A40-867E-301D3D6A9838}.Debug|Any CPU.Build.0 = Debug|Any CPU
		{35839A7D-F483-4A40-867E-301D3D6A9838}.Release|Any CPU.ActiveCfg = Release|Any CPU
		{35839A7D-F483-4A40-867E-301D3D6A9838}.Release|Any CPU.Build.0 = Release|Any CPU
		{19D48993-D7C4-44FE-BD2E-3E8B43DAF09D}.Debug|Any CPU.ActiveCfg = Debug|Any CPU
		{19D48993-D7C4-44FE-BD2E-3E8B43DAF09D}.Debug|Any CPU.Build.0 = Debug|Any CPU
		{19D48993-D7C4-44FE-BD2E-3E8B43DAF09D}.Release|Any CPU.ActiveCfg = Release|Any CPU
		{19D48993-D7C4-44FE-BD2E-3E8B43DAF09D}.Release|Any CPU.Build.0 = Release|Any CPU
		{06A46FB5-5525-4B70-AFA8-BF5212A6937F}.Debug|Any CPU.ActiveCfg = Debug|Any CPU
		{06A46FB5-5525-4B70-AFA8-BF5212A6937F}.Debug|Any CPU.Build.0 = Debug|Any CPU
		{06A46FB5-5525-4B70-AFA8-BF5212A6937F}.Release|Any CPU.ActiveCfg = Release|Any CPU
		{06A46FB5-5525-4B70-AFA8-BF5212A6937F}.Release|Any CPU.Build.0 = Release|Any CPU
		{3939B03D-E828-4F70-B36C-140F5053B082}.Debug|Any CPU.ActiveCfg = Debug|Any CPU
		{3939B03D-E828-4F70-B36C-140F5053B082}.Debug|Any CPU.Build.0 = Debug|Any CPU
		{3939B03D-E828-4F70-B36C-140F5053B082}.Release|Any CPU.ActiveCfg = Release|Any CPU
		{3939B03D-E828-4F70-B36C-140F5053B082}.Release|Any CPU.Build.0 = Release|Any CPU
		{F321158C-AD3D-454E-A9F1-6E4BFB8DF69A}.Debug|Any CPU.ActiveCfg = Debug|Any CPU
		{F321158C-AD3D-454E-A9F1-6E4BFB8DF69A}.Debug|Any CPU.Build.0 = Debug|Any CPU
		{F321158C-AD3D-454E-A9F1-6E4BFB8DF69A}.Release|Any CPU.ActiveCfg = Release|Any CPU
		{F321158C-AD3D-454E-A9F1-6E4BFB8DF69A}.Release|Any CPU.Build.0 = Release|Any CPU
		{A59F19D2-C531-41AC-AFF5-16271D3F6C63}.Debug|Any CPU.ActiveCfg = Debug|Any CPU
		{A59F19D2-C531-41AC-AFF5-16271D3F6C63}.Debug|Any CPU.Build.0 = Debug|Any CPU
		{A59F19D2-C531-41AC-AFF5-16271D3F6C63}.Release|Any CPU.ActiveCfg = Release|Any CPU
		{A59F19D2-C531-41AC-AFF5-16271D3F6C63}.Release|Any CPU.Build.0 = Release|Any CPU
		{2189D980-A4F6-4E26-A2F4-75D1171B1F40}.Debug|Any CPU.ActiveCfg = Debug|Any CPU
		{2189D980-A4F6-4E26-A2F4-75D1171B1F40}.Debug|Any CPU.Build.0 = Debug|Any CPU
		{2189D980-A4F6-4E26-A2F4-75D1171B1F40}.Release|Any CPU.ActiveCfg = Release|Any CPU
		{2189D980-A4F6-4E26-A2F4-75D1171B1F40}.Release|Any CPU.Build.0 = Release|Any CPU
		{36A94C55-6ECA-4FA2-B696-5C7070A4F21E}.Debug|Any CPU.ActiveCfg = Debug|Any CPU
		{36A94C55-6ECA-4FA2-B696-5C7070A4F21E}.Debug|Any CPU.Build.0 = Debug|Any CPU
		{36A94C55-6ECA-4FA2-B696-5C7070A4F21E}.Release|Any CPU.ActiveCfg = Release|Any CPU
		{36A94C55-6ECA-4FA2-B696-5C7070A4F21E}.Release|Any CPU.Build.0 = Release|Any CPU
		{D0FFA5F1-BC60-4DF2-A4BC-B63ACB9589BE}.Debug|Any CPU.ActiveCfg = Debug|Any CPU
		{D0FFA5F1-BC60-4DF2-A4BC-B63ACB9589BE}.Debug|Any CPU.Build.0 = Debug|Any CPU
		{D0FFA5F1-BC60-4DF2-A4BC-B63ACB9589BE}.Release|Any CPU.ActiveCfg = Release|Any CPU
		{D0FFA5F1-BC60-4DF2-A4BC-B63ACB9589BE}.Release|Any CPU.Build.0 = Release|Any CPU
		{1E974E95-F898-4C17-840F-49D464409C76}.Debug|Any CPU.ActiveCfg = Debug|Any CPU
		{1E974E95-F898-4C17-840F-49D464409C76}.Debug|Any CPU.Build.0 = Debug|Any CPU
		{1E974E95-F898-4C17-840F-49D464409C76}.Release|Any CPU.ActiveCfg = Release|Any CPU
		{1E974E95-F898-4C17-840F-49D464409C76}.Release|Any CPU.Build.0 = Release|Any CPU
		{DF393EFD-A238-4E89-BD41-50D53E910D35}.Debug|Any CPU.ActiveCfg = Debug|Any CPU
		{DF393EFD-A238-4E89-BD41-50D53E910D35}.Debug|Any CPU.Build.0 = Debug|Any CPU
		{DF393EFD-A238-4E89-BD41-50D53E910D35}.Release|Any CPU.ActiveCfg = Release|Any CPU
		{DF393EFD-A238-4E89-BD41-50D53E910D35}.Release|Any CPU.Build.0 = Release|Any CPU
		{60531794-0C9C-4DFD-8859-D58146398ED8}.Debug|Any CPU.ActiveCfg = Debug|Any CPU
		{60531794-0C9C-4DFD-8859-D58146398ED8}.Debug|Any CPU.Build.0 = Debug|Any CPU
		{60531794-0C9C-4DFD-8859-D58146398ED8}.Release|Any CPU.ActiveCfg = Release|Any CPU
		{60531794-0C9C-4DFD-8859-D58146398ED8}.Release|Any CPU.Build.0 = Release|Any CPU
		{1DB0F011-9830-47ED-ACD2-DAA1947367AC}.Debug|Any CPU.ActiveCfg = Debug|Any CPU
		{1DB0F011-9830-47ED-ACD2-DAA1947367AC}.Debug|Any CPU.Build.0 = Debug|Any CPU
		{1DB0F011-9830-47ED-ACD2-DAA1947367AC}.Release|Any CPU.ActiveCfg = Release|Any CPU
		{1DB0F011-9830-47ED-ACD2-DAA1947367AC}.Release|Any CPU.Build.0 = Release|Any CPU
		{10A21556-DDB9-48A6-87B0-46F946FCE5FF}.Debug|Any CPU.ActiveCfg = Debug|Any CPU
		{10A21556-DDB9-48A6-87B0-46F946FCE5FF}.Debug|Any CPU.Build.0 = Debug|Any CPU
		{10A21556-DDB9-48A6-87B0-46F946FCE5FF}.Release|Any CPU.ActiveCfg = Release|Any CPU
		{10A21556-DDB9-48A6-87B0-46F946FCE5FF}.Release|Any CPU.Build.0 = Release|Any CPU
		{EC59316E-CAD2-46EA-B030-BCB7564E1532}.Debug|Any CPU.ActiveCfg = Debug|Any CPU
		{EC59316E-CAD2-46EA-B030-BCB7564E1532}.Debug|Any CPU.Build.0 = Debug|Any CPU
		{EC59316E-CAD2-46EA-B030-BCB7564E1532}.Release|Any CPU.ActiveCfg = Release|Any CPU
		{EC59316E-CAD2-46EA-B030-BCB7564E1532}.Release|Any CPU.Build.0 = Release|Any CPU
		{1F3FB943-39FF-44C5-829C-AEED8E593651}.Debug|Any CPU.ActiveCfg = Debug|Any CPU
		{1F3FB943-39FF-44C5-829C-AEED8E593651}.Debug|Any CPU.Build.0 = Debug|Any CPU
		{1F3FB943-39FF-44C5-829C-AEED8E593651}.Release|Any CPU.ActiveCfg = Release|Any CPU
		{1F3FB943-39FF-44C5-829C-AEED8E593651}.Release|Any CPU.Build.0 = Release|Any CPU
		{00FB238A-09BA-45D7-A5DD-678ADD9E683D}.Debug|Any CPU.ActiveCfg = Debug|Any CPU
		{00FB238A-09BA-45D7-A5DD-678ADD9E683D}.Debug|Any CPU.Build.0 = Debug|Any CPU
		{00FB238A-09BA-45D7-A5DD-678ADD9E683D}.Release|Any CPU.ActiveCfg = Release|Any CPU
		{00FB238A-09BA-45D7-A5DD-678ADD9E683D}.Release|Any CPU.Build.0 = Release|Any CPU
		{98EB2F94-1AA4-4F32-87CA-9DF323780E54}.Debug|Any CPU.ActiveCfg = Debug|Any CPU
		{98EB2F94-1AA4-4F32-87CA-9DF323780E54}.Debug|Any CPU.Build.0 = Debug|Any CPU
		{98EB2F94-1AA4-4F32-87CA-9DF323780E54}.Release|Any CPU.ActiveCfg = Release|Any CPU
		{98EB2F94-1AA4-4F32-87CA-9DF323780E54}.Release|Any CPU.Build.0 = Release|Any CPU
		{A1B85682-11C1-4541-983F-875E437AE5CD}.Debug|Any CPU.ActiveCfg = Debug|Any CPU
		{A1B85682-11C1-4541-983F-875E437AE5CD}.Debug|Any CPU.Build.0 = Debug|Any CPU
		{A1B85682-11C1-4541-983F-875E437AE5CD}.Release|Any CPU.ActiveCfg = Release|Any CPU
		{A1B85682-11C1-4541-983F-875E437AE5CD}.Release|Any CPU.Build.0 = Release|Any CPU
		{ED68364E-99B9-42E2-B37C-24F4D866E65B}.Debug|Any CPU.ActiveCfg = Debug|Any CPU
		{ED68364E-99B9-42E2-B37C-24F4D866E65B}.Debug|Any CPU.Build.0 = Debug|Any CPU
		{ED68364E-99B9-42E2-B37C-24F4D866E65B}.Release|Any CPU.ActiveCfg = Release|Any CPU
		{ED68364E-99B9-42E2-B37C-24F4D866E65B}.Release|Any CPU.Build.0 = Release|Any CPU
		{FB1422F2-8454-49CA-A951-A618CEBFB0D5}.Debug|Any CPU.ActiveCfg = Debug|Any CPU
		{FB1422F2-8454-49CA-A951-A618CEBFB0D5}.Debug|Any CPU.Build.0 = Debug|Any CPU
		{FB1422F2-8454-49CA-A951-A618CEBFB0D5}.Release|Any CPU.ActiveCfg = Release|Any CPU
		{FB1422F2-8454-49CA-A951-A618CEBFB0D5}.Release|Any CPU.Build.0 = Release|Any CPU
	EndGlobalSection
	GlobalSection(SolutionProperties) = preSolution
		HideSolutionNode = FALSE
	EndGlobalSection
	GlobalSection(ExtensibilityGlobals) = postSolution
		SolutionGuid = {A9F9DE10-F103-4172-9471-3B283DA57345}
	EndGlobalSection
EndGlobal
